// !$*UTF8*$!
{
	archiveVersion = 1;
	classes = {
	};
	objectVersion = 46;
	objects = {

/* Begin PBXBuildFile section */
		8B6202FF1B4FFF66004217CE /* AppDelegate.swift in Sources */ = {isa = PBXBuildFile; fileRef = 8B6202FE1B4FFF66004217CE /* AppDelegate.swift */; };
		8B6203011B4FFF66004217CE /* ViewController.swift in Sources */ = {isa = PBXBuildFile; fileRef = 8B6203001B4FFF66004217CE /* ViewController.swift */; };
		8B6203041B4FFF66004217CE /* Main.storyboard in Resources */ = {isa = PBXBuildFile; fileRef = 8B6203021B4FFF66004217CE /* Main.storyboard */; };
		8B6203061B4FFF66004217CE /* Images.xcassets in Resources */ = {isa = PBXBuildFile; fileRef = 8B6203051B4FFF66004217CE /* Images.xcassets */; };
		8B6203091B4FFF66004217CE /* LaunchScreen.xib in Resources */ = {isa = PBXBuildFile; fileRef = 8B6203071B4FFF66004217CE /* LaunchScreen.xib */; };
		8B6203151B4FFF66004217CE /* PieGraphDemoSwiftTests.swift in Sources */ = {isa = PBXBuildFile; fileRef = 8B6203141B4FFF66004217CE /* PieGraphDemoSwiftTests.swift */; };
		8B62031F1B4FFFA4004217CE /* PieGraphView.swift in Sources */ = {isa = PBXBuildFile; fileRef = 8B62031E1B4FFFA4004217CE /* PieGraphView.swift */; };
/* End PBXBuildFile section */

/* Begin PBXContainerItemProxy section */
		8B62030F1B4FFF66004217CE /* PBXContainerItemProxy */ = {
			isa = PBXContainerItemProxy;
			containerPortal = 8B6202F11B4FFF66004217CE /* Project object */;
			proxyType = 1;
			remoteGlobalIDString = 8B6202F81B4FFF66004217CE;
			remoteInfo = PieGraphDemoSwift;
		};
/* End PBXContainerItemProxy section */

/* Begin PBXFileReference section */
		8B6202F91B4FFF66004217CE /* PieGraphDemoSwift.app */ = {isa = PBXFileReference; explicitFileType = wrapper.application; includeInIndex = 0; path = PieGraphDemoSwift.app; sourceTree = BUILT_PRODUCTS_DIR; };
		8B6202FD1B4FFF66004217CE /* Info.plist */ = {isa = PBXFileReference; lastKnownFileType = text.plist.xml; path = Info.plist; sourceTree = "<group>"; };
		8B6202FE1B4FFF66004217CE /* AppDelegate.swift */ = {isa = PBXFileReference; lastKnownFileType = sourcecode.swift; path = AppDelegate.swift; sourceTree = "<group>"; };
		8B6203001B4FFF66004217CE /* ViewController.swift */ = {isa = PBXFileReference; lastKnownFileType = sourcecode.swift; path = ViewController.swift; sourceTree = "<group>"; };
		8B6203031B4FFF66004217CE /* Base */ = {isa = PBXFileReference; lastKnownFileType = file.storyboard; name = Base; path = Base.lproj/Main.storyboard; sourceTree = "<group>"; };
		8B6203051B4FFF66004217CE /* Images.xcassets */ = {isa = PBXFileReference; lastKnownFileType = folder.assetcatalog; path = Images.xcassets; sourceTree = "<group>"; };
		8B6203081B4FFF66004217CE /* Base */ = {isa = PBXFileReference; lastKnownFileType = file.xib; name = Base; path = Base.lproj/LaunchScreen.xib; sourceTree = "<group>"; };
		8B62030E1B4FFF66004217CE /* PieGraphDemoSwiftTests.xctest */ = {isa = PBXFileReference; explicitFileType = wrapper.cfbundle; includeInIndex = 0; path = PieGraphDemoSwiftTests.xctest; sourceTree = BUILT_PRODUCTS_DIR; };
		8B6203131B4FFF66004217CE /* Info.plist */ = {isa = PBXFileReference; lastKnownFileType = text.plist.xml; path = Info.plist; sourceTree = "<group>"; };
		8B6203141B4FFF66004217CE /* PieGraphDemoSwiftTests.swift */ = {isa = PBXFileReference; lastKnownFileType = sourcecode.swift; path = PieGraphDemoSwiftTests.swift; sourceTree = "<group>"; };
		8B62031E1B4FFFA4004217CE /* PieGraphView.swift */ = {isa = PBXFileReference; fileEncoding = 4; lastKnownFileType = sourcecode.swift; path = PieGraphView.swift; sourceTree = "<group>"; };
/* End PBXFileReference section */

/* Begin PBXFrameworksBuildPhase section */
		8B6202F61B4FFF66004217CE /* Frameworks */ = {
			isa = PBXFrameworksBuildPhase;
			buildActionMask = 2147483647;
			files = (
			);
			runOnlyForDeploymentPostprocessing = 0;
		};
		8B62030B1B4FFF66004217CE /* Frameworks */ = {
			isa = PBXFrameworksBuildPhase;
			buildActionMask = 2147483647;
			files = (
			);
			runOnlyForDeploymentPostprocessing = 0;
		};
/* End PBXFrameworksBuildPhase section */

/* Begin PBXGroup section */
		8B6202F01B4FFF66004217CE = {
			isa = PBXGroup;
			children = (
				8B6202FB1B4FFF66004217CE /* PieGraphDemoSwift */,
				8B6203111B4FFF66004217CE /* PieGraphDemoSwiftTests */,
				8B6202FA1B4FFF66004217CE /* Products */,
			);
			sourceTree = "<group>";
		};
		8B6202FA1B4FFF66004217CE /* Products */ = {
			isa = PBXGroup;
			children = (
				8B6202F91B4FFF66004217CE /* PieGraphDemoSwift.app */,
				8B62030E1B4FFF66004217CE /* PieGraphDemoSwiftTests.xctest */,
			);
			name = Products;
			sourceTree = "<group>";
		};
		8B6202FB1B4FFF66004217CE /* PieGraphDemoSwift */ = {
			isa = PBXGroup;
			children = (
				8B6202FE1B4FFF66004217CE /* AppDelegate.swift */,
				8B6203001B4FFF66004217CE /* ViewController.swift */,
				8B6203021B4FFF66004217CE /* Main.storyboard */,
				8B6203051B4FFF66004217CE /* Images.xcassets */,
				8B6203071B4FFF66004217CE /* LaunchScreen.xib */,
				8B6202FC1B4FFF66004217CE /* Supporting Files */,
				8B62031E1B4FFFA4004217CE /* PieGraphView.swift */,
			);
			path = PieGraphDemoSwift;
			sourceTree = "<group>";
		};
		8B6202FC1B4FFF66004217CE /* Supporting Files */ = {
			isa = PBXGroup;
			children = (
				8B6202FD1B4FFF66004217CE /* Info.plist */,
			);
			name = "Supporting Files";
			sourceTree = "<group>";
		};
		8B6203111B4FFF66004217CE /* PieGraphDemoSwiftTests */ = {
			isa = PBXGroup;
			children = (
				8B6203141B4FFF66004217CE /* PieGraphDemoSwiftTests.swift */,
				8B6203121B4FFF66004217CE /* Supporting Files */,
			);
			path = PieGraphDemoSwiftTests;
			sourceTree = "<group>";
		};
		8B6203121B4FFF66004217CE /* Supporting Files */ = {
			isa = PBXGroup;
			children = (
				8B6203131B4FFF66004217CE /* Info.plist */,
			);
			name = "Supporting Files";
			sourceTree = "<group>";
		};
/* End PBXGroup section */

/* Begin PBXNativeTarget section */
		8B6202F81B4FFF66004217CE /* PieGraphDemoSwift */ = {
			isa = PBXNativeTarget;
			buildConfigurationList = 8B6203181B4FFF66004217CE /* Build configuration list for PBXNativeTarget "PieGraphDemoSwift" */;
			buildPhases = (
				8B6202F51B4FFF66004217CE /* Sources */,
				8B6202F61B4FFF66004217CE /* Frameworks */,
				8B6202F71B4FFF66004217CE /* Resources */,
			);
			buildRules = (
			);
			dependencies = (
			);
			name = PieGraphDemoSwift;
			productName = PieGraphDemoSwift;
			productReference = 8B6202F91B4FFF66004217CE /* PieGraphDemoSwift.app */;
			productType = "com.apple.product-type.application";
		};
		8B62030D1B4FFF66004217CE /* PieGraphDemoSwiftTests */ = {
			isa = PBXNativeTarget;
			buildConfigurationList = 8B62031B1B4FFF66004217CE /* Build configuration list for PBXNativeTarget "PieGraphDemoSwiftTests" */;
			buildPhases = (
				8B62030A1B4FFF66004217CE /* Sources */,
				8B62030B1B4FFF66004217CE /* Frameworks */,
				8B62030C1B4FFF66004217CE /* Resources */,
			);
			buildRules = (
			);
			dependencies = (
				8B6203101B4FFF66004217CE /* PBXTargetDependency */,
			);
			name = PieGraphDemoSwiftTests;
			productName = PieGraphDemoSwiftTests;
			productReference = 8B62030E1B4FFF66004217CE /* PieGraphDemoSwiftTests.xctest */;
			productType = "com.apple.product-type.bundle.unit-test";
		};
/* End PBXNativeTarget section */

/* Begin PBXProject section */
		8B6202F11B4FFF66004217CE /* Project object */ = {
			isa = PBXProject;
			attributes = {
				LastUpgradeCheck = 0640;
				ORGANIZATIONNAME = "OneWorld Inc.";
				TargetAttributes = {
					8B6202F81B4FFF66004217CE = {
						CreatedOnToolsVersion = 6.4;
					};
					8B62030D1B4FFF66004217CE = {
						CreatedOnToolsVersion = 6.4;
						TestTargetID = 8B6202F81B4FFF66004217CE;
					};
				};
			};
			buildConfigurationList = 8B6202F41B4FFF66004217CE /* Build configuration list for PBXProject "PieGraphDemoSwift" */;
			compatibilityVersion = "Xcode 3.2";
			developmentRegion = English;
			hasScannedForEncodings = 0;
			knownRegions = (
				en,
				Base,
			);
			mainGroup = 8B6202F01B4FFF66004217CE;
			productRefGroup = 8B6202FA1B4FFF66004217CE /* Products */;
			projectDirPath = "";
			projectRoot = "";
			targets = (
				8B6202F81B4FFF66004217CE /* PieGraphDemoSwift */,
				8B62030D1B4FFF66004217CE /* PieGraphDemoSwiftTests */,
			);
		};
/* End PBXProject section */

/* Begin PBXResourcesBuildPhase section */
		8B6202F71B4FFF66004217CE /* Resources */ = {
			isa = PBXResourcesBuildPhase;
			buildActionMask = 2147483647;
			files = (
				8B6203041B4FFF66004217CE /* Main.storyboard in Resources */,
				8B6203091B4FFF66004217CE /* LaunchScreen.xib in Resources */,
				8B6203061B4FFF66004217CE /* Images.xcassets in Resources */,
			);
			runOnlyForDeploymentPostprocessing = 0;
		};
		8B62030C1B4FFF66004217CE /* Resources */ = {
			isa = PBXResourcesBuildPhase;
			buildActionMask = 2147483647;
			files = (
			);
			runOnlyForDeploymentPostprocessing = 0;
		};
/* End PBXResourcesBuildPhase section */

/* Begin PBXSourcesBuildPhase section */
		8B6202F51B4FFF66004217CE /* Sources */ = {
			isa = PBXSourcesBuildPhase;
			buildActionMask = 2147483647;
			files = (
				8B6203011B4FFF66004217CE /* ViewController.swift in Sources */,
				8B62031F1B4FFFA4004217CE /* PieGraphView.swift in Sources */,
				8B6202FF1B4FFF66004217CE /* AppDelegate.swift in Sources */,
			);
			runOnlyForDeploymentPostprocessing = 0;
		};
		8B62030A1B4FFF66004217CE /* Sources */ = {
			isa = PBXSourcesBuildPhase;
			buildActionMask = 2147483647;
			files = (
				8B6203151B4FFF66004217CE /* PieGraphDemoSwiftTests.swift in Sources */,
			);
			runOnlyForDeploymentPostprocessing = 0;
		};
/* End PBXSourcesBuildPhase section */

/* Begin PBXTargetDependency section */
		8B6203101B4FFF66004217CE /* PBXTargetDependency */ = {
			isa = PBXTargetDependency;
			target = 8B6202F81B4FFF66004217CE /* PieGraphDemoSwift */;
			targetProxy = 8B62030F1B4FFF66004217CE /* PBXContainerItemProxy */;
		};
/* End PBXTargetDependency section */

/* Begin PBXVariantGroup section */
		8B6203021B4FFF66004217CE /* Main.storyboard */ = {
			isa = PBXVariantGroup;
			children = (
				8B6203031B4FFF66004217CE /* Base */,
			);
			name = Main.storyboard;
			sourceTree = "<group>";
		};
		8B6203071B4FFF66004217CE /* LaunchScreen.xib */ = {
			isa = PBXVariantGroup;
			children = (
				8B6203081B4FFF66004217CE /* Base */,
			);
			name = LaunchScreen.xib;
			sourceTree = "<group>";
		};
/* End PBXVariantGroup section */

/* Begin XCBuildConfiguration section */
		8B6203161B4FFF66004217CE /* Debug */ = {
			isa = XCBuildConfiguration;
			buildSettings = {
				ALWAYS_SEARCH_USER_PATHS = NO;
				CLANG_CXX_LANGUAGE_STANDARD = "gnu++0x";
				CLANG_CXX_LIBRARY = "libc++";
				CLANG_ENABLE_MODULES = YES;
				CLANG_ENABLE_OBJC_ARC = YES;
				CLANG_WARN_BOOL_CONVERSION = YES;
				CLANG_WARN_CONSTANT_CONVERSION = YES;
				CLANG_WARN_DIRECT_OBJC_ISA_USAGE = YES_ERROR;
				CLANG_WARN_EMPTY_BODY = YES;
				CLANG_WARN_ENUM_CONVERSION = YES;
				CLANG_WARN_INT_CONVERSION = YES;
				CLANG_WARN_OBJC_ROOT_CLASS = YES_ERROR;
				CLANG_WARN_UNREACHABLE_CODE = YES;
				CLANG_WARN__DUPLICATE_METHOD_MATCH = YES;
				"CODE_SIGN_IDENTITY[sdk=iphoneos*]" = "iPhone Developer";
				COPY_PHASE_STRIP = NO;
				DEBUG_INFORMATION_FORMAT = "dwarf-with-dsym";
				ENABLE_STRICT_OBJC_MSGSEND = YES;
				GCC_C_LANGUAGE_STANDARD = gnu99;
				GCC_DYNAMIC_NO_PIC = NO;
				GCC_NO_COMMON_BLOCKS = YES;
				GCC_OPTIMIZATION_LEVEL = 0;
				GCC_PREPROCESSOR_DEFINITIONS = (
					"DEBUG=1",
					"$(inherited)",
				);
				GCC_SYMBOLS_PRIVATE_EXTERN = NO;
				GCC_WARN_64_TO_32_BIT_CONVERSION = YES;
				GCC_WARN_ABOUT_RETURN_TYPE = YES_ERROR;
				GCC_WARN_UNDECLARED_SELECTOR = YES;
				GCC_WARN_UNINITIALIZED_AUTOS = YES_AGGRESSIVE;
				GCC_WARN_UNUSED_FUNCTION = YES;
				GCC_WARN_UNUSED_VARIABLE = YES;
				IPHONEOS_DEPLOYMENT_TARGET = 8.4;
				MTL_ENABLE_DEBUG_INFO = YES;
				ONLY_ACTIVE_ARCH = YES;
				SDKROOT = iphoneos;
				SWIFT_OPTIMIZATION_LEVEL = "-Onone";
			};
			name = Debug;
		};
		8B6203171B4FFF66004217CE /* Release */ = {
			isa = XCBuildConfiguration;
			buildSettings = {
				ALWAYS_SEARCH_USER_PATHS = NO;
				CLANG_CXX_LANGUAGE_STANDARD = "gnu++0x";
				CLANG_CXX_LIBRARY = "libc++";
				CLANG_ENABLE_MODULES = YES;
				CLANG_ENABLE_OBJC_ARC = YES;
				CLANG_WARN_BOOL_CONVERSION = YES;
				CLANG_WARN_CONSTANT_CONVERSION = YES;
				CLANG_WARN_DIRECT_OBJC_ISA_USAGE = YES_ERROR;
				CLANG_WARN_EMPTY_BODY = YES;
				CLANG_WARN_ENUM_CONVERSION = YES;
				CLANG_WARN_INT_CONVERSION = YES;
				CLANG_WARN_OBJC_ROOT_CLASS = YES_ERROR;
				CLANG_WARN_UNREACHABLE_CODE = YES;
				CLANG_WARN__DUPLICATE_METHOD_MATCH = YES;
				"CODE_SIGN_IDENTITY[sdk=iphoneos*]" = "iPhone Developer";
				COPY_PHASE_STRIP = NO;
				DEBUG_INFORMATION_FORMAT = "dwarf-with-dsym";
				ENABLE_NS_ASSERTIONS = NO;
				ENABLE_STRICT_OBJC_MSGSEND = YES;
				GCC_C_LANGUAGE_STANDARD = gnu99;
				GCC_NO_COMMON_BLOCKS = YES;
				GCC_WARN_64_TO_32_BIT_CONVERSION = YES;
				GCC_WARN_ABOUT_RETURN_TYPE = YES_ERROR;
				GCC_WARN_UNDECLARED_SELECTOR = YES;
				GCC_WARN_UNINITIALIZED_AUTOS = YES_AGGRESSIVE;
				GCC_WARN_UNUSED_FUNCTION = YES;
				GCC_WARN_UNUSED_VARIABLE = YES;
				IPHONEOS_DEPLOYMENT_TARGET = 8.4;
				MTL_ENABLE_DEBUG_INFO = NO;
				SDKROOT = iphoneos;
				VALIDATE_PRODUCT = YES;
			};
			name = Release;
		};
		8B6203191B4FFF66004217CE /* Debug */ = {
			isa = XCBuildConfiguration;
			buildSettings = {
				ASSETCATALOG_COMPILER_APPICON_NAME = AppIcon;
				INFOPLIST_FILE = PieGraphDemoSwift/Info.plist;
				LD_RUNPATH_SEARCH_PATHS = "$(inherited) @executable_path/Frameworks";
				PRODUCT_NAME = "$(TARGET_NAME)";
			};
			name = Debug;
		};
		8B62031A1B4FFF66004217CE /* Release */ = {
			isa = XCBuildConfiguration;
			buildSettings = {
				ASSETCATALOG_COMPILER_APPICON_NAME = AppIcon;
				INFOPLIST_FILE = PieGraphDemoSwift/Info.plist;
				LD_RUNPATH_SEARCH_PATHS = "$(inherited) @executable_path/Frameworks";
				PRODUCT_NAME = "$(TARGET_NAME)";
			};
			name = Release;
		};
		8B62031C1B4FFF66004217CE /* Debug */ = {
			isa = XCBuildConfiguration;
			buildSettings = {
				BUNDLE_LOADER = "$(TEST_HOST)";
				FRAMEWORK_SEARCH_PATHS = (
					"$(SDKROOT)/Developer/Library/Frameworks",
					"$(inherited)",
				);
				GCC_PREPROCESSOR_DEFINITIONS = (
					"DEBUG=1",
					"$(inherited)",
				);
				INFOPLIST_FILE = PieGraphDemoSwiftTests/Info.plist;
				LD_RUNPATH_SEARCH_PATHS = "$(inherited) @executable_path/Frameworks @loader_path/Frameworks";
				PRODUCT_NAME = "$(TARGET_NAME)";
				TEST_HOST = "$(BUILT_PRODUCTS_DIR)/PieGraphDemoSwift.app/PieGraphDemoSwift";
			};
			name = Debug;
		};
		8B62031D1B4FFF66004217CE /* Release */ = {
			isa = XCBuildConfiguration;
			buildSettings = {
				BUNDLE_LOADER = "$(TEST_HOST)";
				FRAMEWORK_SEARCH_PATHS = (
					"$(SDKROOT)/Developer/Library/Frameworks",
					"$(inherited)",
				);
				INFOPLIST_FILE = PieGraphDemoSwiftTests/Info.plist;
				LD_RUNPATH_SEARCH_PATHS = "$(inherited) @executable_path/Frameworks @loader_path/Frameworks";
				PRODUCT_NAME = "$(TARGET_NAME)";
				TEST_HOST = "$(BUILT_PRODUCTS_DIR)/PieGraphDemoSwift.app/PieGraphDemoSwift";
			};
			name = Release;
		};
/* End XCBuildConfiguration section */

/* Begin XCConfigurationList section */
		8B6202F41B4FFF66004217CE /* Build configuration list for PBXProject "PieGraphDemoSwift" */ = {
			isa = XCConfigurationList;
			buildConfigurations = (
				8B6203161B4FFF66004217CE /* Debug */,
				8B6203171B4FFF66004217CE /* Release */,
			);
			defaultConfigurationIsVisible = 0;
			defaultConfigurationName = Release;
		};
		8B6203181B4FFF66004217CE /* Build configuration list for PBXNativeTarget "PieGraphDemoSwift" */ = {
			isa = XCConfigurationList;
			buildConfigurations = (
				8B6203191B4FFF66004217CE /* Debug */,
				8B62031A1B4FFF66004217CE /* Release */,
			);
			defaultConfigurationIsVisible = 0;
		};
		8B62031B1B4FFF66004217CE /* Build configuration list for PBXNativeTarget "PieGraphDemoSwiftTests" */ = {
			isa = XCConfigurationList;
			buildConfigurations = (
				8B62031C1B4FFF66004217CE /* Debug */,
				8B62031D1B4FFF66004217CE /* Release */,
			);
			defaultConfigurationIsVisible = 0;
		};
/* End XCConfigurationList section */
	};
	rootObject = 8B6202F11B4FFF66004217CE /* Project object */;
}
